
Microsoft Visual Studio Solution File, Format Version 12.00
# Visual Studio 15
VisualStudioVersion = 15.0.28010.2016
MinimumVisualStudioVersion = 10.0.40219.1
Project("{FAE04EC0-301F-11D3-BF4B-00C04F79EFBC}") = "MFlowDriver", "MFlowDriver\MFlowDriver.csproj", "{8D581208-450D-44B5-A3CF-4603384A4943}"
EndProject
Global
	GlobalSection(SolutionConfigurationPlatforms) = preSolution
		Debug|Any CPU = Debug|Any CPU
		Release|Any CPU = Release|Any CPU
	EndGlobalSection
	GlobalSection(ProjectConfigurationPlatforms) = postSolution
		{8D581208-450D-44B5-A3CF-4603384A4943}.Debug|Any CPU.ActiveCfg = Debug|Any CPU
		{8D581208-450D-44B5-A3CF-4603384A4943}.Debug|Any CPU.Build.0 = Debug|Any CPU
		{8D581208-450D-44B5-A3CF-4603384A4943}.Release|Any CPU.ActiveCfg = Release|Any CPU
		{8D581208-450D-44B5-A3CF-4603384A4943}.Release|Any CPU.Build.0 = Release|Any CPU
	EndGlobalSection
	GlobalSection(SolutionProperties) = preSolution
		HideSolutionNode = FALSE
	EndGlobalSection
	GlobalSection(ExtensibilityGlobals) = postSolution
		SolutionGuid = {F2E9D8B7-1548-4A8E-AC43-14556B08574C}
	EndGlobalSection
EndGlobal
